// !$*UTF8*$!
{
	archiveVersion = 1;
	classes = {
	};
	objectVersion = 56;
	objects = {

/* Begin PBXBuildFile section */
		DF8BCAE62929B2B600FF7852 /* AppDelegate.swift in Sources */ = {isa = PBXBuildFile; fileRef = DF8BCAE52929B2B600FF7852 /* AppDelegate.swift */; };
		DF8BCAE82929B2B600FF7852 /* SceneDelegate.swift in Sources */ = {isa = PBXBuildFile; fileRef = DF8BCAE72929B2B600FF7852 /* SceneDelegate.swift */; };
		DF8BCAEA2929B2B600FF7852 /* ViewController.swift in Sources */ = {isa = PBXBuildFile; fileRef = DF8BCAE92929B2B600FF7852 /* ViewController.swift */; };
		DF8BCAED2929B2B600FF7852 /* Main.storyboard in Resources */ = {isa = PBXBuildFile; fileRef = DF8BCAEB2929B2B600FF7852 /* Main.storyboard */; };
		DF8BCAEF2929B2B700FF7852 /* Assets.xcassets in Resources */ = {isa = PBXBuildFile; fileRef = DF8BCAEE2929B2B700FF7852 /* Assets.xcassets */; };
		DF8BCAF22929B2B700FF7852 /* LaunchScreen.storyboard in Resources */ = {isa = PBXBuildFile; fileRef = DF8BCAF02929B2B700FF7852 /* LaunchScreen.storyboard */; };
		DF8BCAFD2929B2B700FF7852 /* persitence1_1Tests.swift in Sources */ = {isa = PBXBuildFile; fileRef = DF8BCAFC2929B2B700FF7852 /* persitence1_1Tests.swift */; };
		DF8BCB072929B2B700FF7852 /* persitence1_1UITests.swift in Sources */ = {isa = PBXBuildFile; fileRef = DF8BCB062929B2B700FF7852 /* persitence1_1UITests.swift */; };
		DF8BCB092929B2B700FF7852 /* persitence1_1UITestsLaunchTests.swift in Sources */ = {isa = PBXBuildFile; fileRef = DF8BCB082929B2B700FF7852 /* persitence1_1UITestsLaunchTests.swift */; };
		DF8BCB162929B85400FF7852 /* FourLines.swift in Sources */ = {isa = PBXBuildFile; fileRef = DF8BCB152929B85400FF7852 /* FourLines.swift */; };
/* End PBXBuildFile section */

/* Begin PBXContainerItemProxy section */
		DF8BCAF92929B2B700FF7852 /* PBXContainerItemProxy */ = {
			isa = PBXContainerItemProxy;
			containerPortal = DF8BCADA2929B2B600FF7852 /* Project object */;
			proxyType = 1;
			remoteGlobalIDString = DF8BCAE12929B2B600FF7852;
			remoteInfo = "persitence1-1";
		};
		DF8BCB032929B2B700FF7852 /* PBXContainerItemProxy */ = {
			isa = PBXContainerItemProxy;
			containerPortal = DF8BCADA2929B2B600FF7852 /* Project object */;
			proxyType = 1;
			remoteGlobalIDString = DF8BCAE12929B2B600FF7852;
			remoteInfo = "persitence1-1";
		};
/* End PBXContainerItemProxy section */

/* Begin PBXFileReference section */
		DF8BCAE22929B2B600FF7852 /* persitence1-1.app */ = {isa = PBXFileReference; explicitFileType = wrapper.application; includeInIndex = 0; path = "persitence1-1.app"; sourceTree = BUILT_PRODUCTS_DIR; };
		DF8BCAE52929B2B600FF7852 /* AppDelegate.swift */ = {isa = PBXFileReference; lastKnownFileType = sourcecode.swift; path = AppDelegate.swift; sourceTree = "<group>"; };
		DF8BCAE72929B2B600FF7852 /* SceneDelegate.swift */ = {isa = PBXFileReference; lastKnownFileType = sourcecode.swift; path = SceneDelegate.swift; sourceTree = "<group>"; };
		DF8BCAE92929B2B600FF7852 /* ViewController.swift */ = {isa = PBXFileReference; lastKnownFileType = sourcecode.swift; path = ViewController.swift; sourceTree = "<group>"; };
		DF8BCAEC2929B2B600FF7852 /* Base */ = {isa = PBXFileReference; lastKnownFileType = file.storyboard; name = Base; path = Base.lproj/Main.storyboard; sourceTree = "<group>"; };
		DF8BCAEE2929B2B700FF7852 /* Assets.xcassets */ = {isa = PBXFileReference; lastKnownFileType = folder.assetcatalog; path = Assets.xcassets; sourceTree = "<group>"; };
		DF8BCAF12929B2B700FF7852 /* Base */ = {isa = PBXFileReference; lastKnownFileType = file.storyboard; name = Base; path = Base.lproj/LaunchScreen.storyboard; sourceTree = "<group>"; };
		DF8BCAF32929B2B700FF7852 /* Info.plist */ = {isa = PBXFileReference; lastKnownFileType = text.plist.xml; path = Info.plist; sourceTree = "<group>"; };
		DF8BCAF82929B2B700FF7852 /* persitence1-1Tests.xctest */ = {isa = PBXFileReference; explicitFileType = wrapper.cfbundle; includeInIndex = 0; path = "persitence1-1Tests.xctest"; sourceTree = BUILT_PRODUCTS_DIR; };
		DF8BCAFC2929B2B700FF7852 /* persitence1_1Tests.swift */ = {isa = PBXFileReference; lastKnownFileType = sourcecode.swift; path = persitence1_1Tests.swift; sourceTree = "<group>"; };
		DF8BCB022929B2B700FF7852 /* persitence1-1UITests.xctest */ = {isa = PBXFileReference; explicitFileType = wrapper.cfbundle; includeInIndex = 0; path = "persitence1-1UITests.xctest"; sourceTree = BUILT_PRODUCTS_DIR; };
		DF8BCB062929B2B700FF7852 /* persitence1_1UITests.swift */ = {isa = PBXFileReference; lastKnownFileType = sourcecode.swift; path = persitence1_1UITests.swift; sourceTree = "<group>"; };
		DF8BCB082929B2B700FF7852 /* persitence1_1UITestsLaunchTests.swift */ = {isa = PBXFileReference; lastKnownFileType = sourcecode.swift; path = persitence1_1UITestsLaunchTests.swift; sourceTree = "<group>"; };
		DF8BCB152929B85400FF7852 /* FourLines.swift */ = {isa = PBXFileReference; fileEncoding = 4; lastKnownFileType = sourcecode.swift; path = FourLines.swift; sourceTree = "<group>"; };
/* End PBXFileReference section */

/* Begin PBXFrameworksBuildPhase section */
		DF8BCADF2929B2B600FF7852 /* Frameworks */ = {
			isa = PBXFrameworksBuildPhase;
			buildActionMask = 2147483647;
			files = (
			);
			runOnlyForDeploymentPostprocessing = 0;
		};
		DF8BCAF52929B2B700FF7852 /* Frameworks */ = {
			isa = PBXFrameworksBuildPhase;
			buildActionMask = 2147483647;
			files = (
			);
			runOnlyForDeploymentPostprocessing = 0;
		};
		DF8BCAFF2929B2B700FF7852 /* Frameworks */ = {
			isa = PBXFrameworksBuildPhase;
			buildActionMask = 2147483647;
			files = (
			);
			runOnlyForDeploymentPostprocessing = 0;
		};
/* End PBXFrameworksBuildPhase section */

/* Begin PBXGroup section */
		DF8BCAD92929B2B600FF7852 = {
			isa = PBXGroup;
			children = (
				DF8BCAE42929B2B600FF7852 /* persitence1-1 */,
				DF8BCAFB2929B2B700FF7852 /* persitence1-1Tests */,
				DF8BCB052929B2B700FF7852 /* persitence1-1UITests */,
				DF8BCAE32929B2B600FF7852 /* Products */,
			);
			sourceTree = "<group>";
		};
		DF8BCAE32929B2B600FF7852 /* Products */ = {
			isa = PBXGroup;
			children = (
				DF8BCAE22929B2B600FF7852 /* persitence1-1.app */,
				DF8BCAF82929B2B700FF7852 /* persitence1-1Tests.xctest */,
				DF8BCB022929B2B700FF7852 /* persitence1-1UITests.xctest */,
			);
			name = Products;
			sourceTree = "<group>";
		};
		DF8BCAE42929B2B600FF7852 /* persitence1-1 */ = {
			isa = PBXGroup;
			children = (
				DF8BCB152929B85400FF7852 /* FourLines.swift */,
				DF8BCAE52929B2B600FF7852 /* AppDelegate.swift */,
				DF8BCAE72929B2B600FF7852 /* SceneDelegate.swift */,
				DF8BCAE92929B2B600FF7852 /* ViewController.swift */,
				DF8BCAEB2929B2B600FF7852 /* Main.storyboard */,
				DF8BCAEE2929B2B700FF7852 /* Assets.xcassets */,
				DF8BCAF02929B2B700FF7852 /* LaunchScreen.storyboard */,
				DF8BCAF32929B2B700FF7852 /* Info.plist */,
			);
			path = "persitence1-1";
			sourceTree = "<group>";
		};
		DF8BCAFB2929B2B700FF7852 /* persitence1-1Tests */ = {
			isa = PBXGroup;
			children = (
				DF8BCAFC2929B2B700FF7852 /* persitence1_1Tests.swift */,
			);
			path = "persitence1-1Tests";
			sourceTree = "<group>";
		};
		DF8BCB052929B2B700FF7852 /* persitence1-1UITests */ = {
			isa = PBXGroup;
			children = (
				DF8BCB062929B2B700FF7852 /* persitence1_1UITests.swift */,
				DF8BCB082929B2B700FF7852 /* persitence1_1UITestsLaunchTests.swift */,
			);
			path = "persitence1-1UITests";
			sourceTree = "<group>";
		};
/* End PBXGroup section */

/* Begin PBXNativeTarget section */
		DF8BCAE12929B2B600FF7852 /* persitence1-1 */ = {
			isa = PBXNativeTarget;
			buildConfigurationList = DF8BCB0C2929B2B700FF7852 /* Build configuration list for PBXNativeTarget "persitence1-1" */;
			buildPhases = (
				DF8BCADE2929B2B600FF7852 /* Sources */,
				DF8BCADF2929B2B600FF7852 /* Frameworks */,
				DF8BCAE02929B2B600FF7852 /* Resources */,
			);
			buildRules = (
			);
			dependencies = (
			);
			name = "persitence1-1";
			productName = "persitence1-1";
			productReference = DF8BCAE22929B2B600FF7852 /* persitence1-1.app */;
			productType = "com.apple.product-type.application";
		};
		DF8BCAF72929B2B700FF7852 /* persitence1-1Tests */ = {
			isa = PBXNativeTarget;
			buildConfigurationList = DF8BCB0F2929B2B700FF7852 /* Build configuration list for PBXNativeTarget "persitence1-1Tests" */;
			buildPhases = (
				DF8BCAF42929B2B700FF7852 /* Sources */,
				DF8BCAF52929B2B700FF7852 /* Frameworks */,
				DF8BCAF62929B2B700FF7852 /* Resources */,
			);
			buildRules = (
			);
			dependencies = (
				DF8BCAFA2929B2B700FF7852 /* PBXTargetDependency */,
			);
			name = "persitence1-1Tests";
			productName = "persitence1-1Tests";
			productReference = DF8BCAF82929B2B700FF7852 /* persitence1-1Tests.xctest */;
			productType = "com.apple.product-type.bundle.unit-test";
		};
		DF8BCB012929B2B700FF7852 /* persitence1-1UITests */ = {
			isa = PBXNativeTarget;
			buildConfigurationList = DF8BCB122929B2B700FF7852 /* Build configuration list for PBXNativeTarget "persitence1-1UITests" */;
			buildPhases = (
				DF8BCAFE2929B2B700FF7852 /* Sources */,
				DF8BCAFF2929B2B700FF7852 /* Frameworks */,
				DF8BCB002929B2B700FF7852 /* Resources */,
			);
			buildRules = (
			);
			dependencies = (
				DF8BCB042929B2B700FF7852 /* PBXTargetDependency */,
			);
			name = "persitence1-1UITests";
			productName = "persitence1-1UITests";
			productReference = DF8BCB022929B2B700FF7852 /* persitence1-1UITests.xctest */;
			productType = "com.apple.product-type.bundle.ui-testing";
		};
/* End PBXNativeTarget section */

/* Begin PBXProject section */
		DF8BCADA2929B2B600FF7852 /* Project object */ = {
			isa = PBXProject;
			attributes = {
				BuildIndependentTargetsInParallel = 1;
				LastSwiftUpdateCheck = 1400;
				LastUpgradeCheck = 1400;
				TargetAttributes = {
					DF8BCAE12929B2B600FF7852 = {
						CreatedOnToolsVersion = 14.0.1;
					};
					DF8BCAF72929B2B700FF7852 = {
						CreatedOnToolsVersion = 14.0.1;
						TestTargetID = DF8BCAE12929B2B600FF7852;
					};
					DF8BCB012929B2B700FF7852 = {
						CreatedOnToolsVersion = 14.0.1;
						TestTargetID = DF8BCAE12929B2B600FF7852;
					};
				};
			};
			buildConfigurationList = DF8BCADD2929B2B600FF7852 /* Build configuration list for PBXProject "persitence1-1" */;
			compatibilityVersion = "Xcode 14.0";
			developmentRegion = en;
			hasScannedForEncodings = 0;
			knownRegions = (
				en,
				Base,
			);
			mainGroup = DF8BCAD92929B2B600FF7852;
			productRefGroup = DF8BCAE32929B2B600FF7852 /* Products */;
			projectDirPath = "";
			projectRoot = "";
			targets = (
				DF8BCAE12929B2B600FF7852 /* persitence1-1 */,
				DF8BCAF72929B2B700FF7852 /* persitence1-1Tests */,
				DF8BCB012929B2B700FF7852 /* persitence1-1UITests */,
			);
		};
/* End PBXProject section */

/* Begin PBXResourcesBuildPhase section */
		DF8BCAE02929B2B600FF7852 /* Resources */ = {
			isa = PBXResourcesBuildPhase;
			buildActionMask = 2147483647;
			files = (
				DF8BCAF22929B2B700FF7852 /* LaunchScreen.storyboard in Resources */,
				DF8BCAEF2929B2B700FF7852 /* Assets.xcassets in Resources */,
				DF8BCAED2929B2B600FF7852 /* Main.storyboard in Resources */,
			);
			runOnlyForDeploymentPostprocessing = 0;
		};
		DF8BCAF62929B2B700FF7852 /* Resources */ = {
			isa = PBXResourcesBuildPhase;
			buildActionMask = 2147483647;
			files = (
			);
			runOnlyForDeploymentPostprocessing = 0;
		};
		DF8BCB002929B2B700FF7852 /* Resources */ = {
			isa = PBXResourcesBuildPhase;
			buildActionMask = 2147483647;
			files = (
			);
			runOnlyForDeploymentPostprocessing = 0;
		};
/* End PBXResourcesBuildPhase section */

/* Begin PBXSourcesBuildPhase section */
		DF8BCADE2929B2B600FF7852 /* Sources */ = {
			isa = PBXSourcesBuildPhase;
			buildActionMask = 2147483647;
			files = (
				DF8BCAEA2929B2B600FF7852 /* ViewController.swift in Sources */,
				DF8BCB162929B85400FF7852 /* FourLines.swift in Sources */,
				DF8BCAE62929B2B600FF7852 /* AppDelegate.swift in Sources */,
				DF8BCAE82929B2B600FF7852 /* SceneDelegate.swift in Sources */,
			);
			runOnlyForDeploymentPostprocessing = 0;
		};
		DF8BCAF42929B2B700FF7852 /* Sources */ = {
			isa = PBXSourcesBuildPhase;
			buildActionMask = 2147483647;
			files = (
				DF8BCAFD2929B2B700FF7852 /* persitence1_1Tests.swift in Sources */,
			);
			runOnlyForDeploymentPostprocessing = 0;
		};
		DF8BCAFE2929B2B700FF7852 /* Sources */ = {
			isa = PBXSourcesBuildPhase;
			buildActionMask = 2147483647;
			files = (
				DF8BCB092929B2B700FF7852 /* persitence1_1UITestsLaunchTests.swift in Sources */,
				DF8BCB072929B2B700FF7852 /* persitence1_1UITests.swift in Sources */,
			);
			runOnlyForDeploymentPostprocessing = 0;
		};
/* End PBXSourcesBuildPhase section */

/* Begin PBXTargetDependency section */
		DF8BCAFA2929B2B700FF7852 /* PBXTargetDependency */ = {
			isa = PBXTargetDependency;
			target = DF8BCAE12929B2B600FF7852 /* persitence1-1 */;
			targetProxy = DF8BCAF92929B2B700FF7852 /* PBXContainerItemProxy */;
		};
		DF8BCB042929B2B700FF7852 /* PBXTargetDependency */ = {
			isa = PBXTargetDependency;
			target = DF8BCAE12929B2B600FF7852 /* persitence1-1 */;
			targetProxy = DF8BCB032929B2B700FF7852 /* PBXContainerItemProxy */;
		};
/* End PBXTargetDependency section */

/* Begin PBXVariantGroup section */
		DF8BCAEB2929B2B600FF7852 /* Main.storyboard */ = {
			isa = PBXVariantGroup;
			children = (
				DF8BCAEC2929B2B600FF7852 /* Base */,
			);
			name = Main.storyboard;
			sourceTree = "<group>";
		};
		DF8BCAF02929B2B700FF7852 /* LaunchScreen.storyboard */ = {
			isa = PBXVariantGroup;
			children = (
				DF8BCAF12929B2B700FF7852 /* Base */,
			);
			name = LaunchScreen.storyboard;
			sourceTree = "<group>";
		};
/* End PBXVariantGroup section */

/* Begin XCBuildConfiguration section */
		DF8BCB0A2929B2B700FF7852 /* Debug */ = {
			isa = XCBuildConfiguration;
			buildSettings = {
				ALWAYS_SEARCH_USER_PATHS = NO;
				CLANG_ANALYZER_NONNULL = YES;
				CLANG_ANALYZER_NUMBER_OBJECT_CONVERSION = YES_AGGRESSIVE;
				CLANG_CXX_LANGUAGE_STANDARD = "gnu++20";
				CLANG_ENABLE_MODULES = YES;
				CLANG_ENABLE_OBJC_ARC = YES;
				CLANG_ENABLE_OBJC_WEAK = YES;
				CLANG_WARN_BLOCK_CAPTURE_AUTORELEASING = YES;
				CLANG_WARN_BOOL_CONVERSION = YES;
				CLANG_WARN_COMMA = YES;
				CLANG_WARN_CONSTANT_CONVERSION = YES;
				CLANG_WARN_DEPRECATED_OBJC_IMPLEMENTATIONS = YES;
				CLANG_WARN_DIRECT_OBJC_ISA_USAGE = YES_ERROR;
				CLANG_WARN_DOCUMENTATION_COMMENTS = YES;
				CLANG_WARN_EMPTY_BODY = YES;
				CLANG_WARN_ENUM_CONVERSION = YES;
				CLANG_WARN_INFINITE_RECURSION = YES;
				CLANG_WARN_INT_CONVERSION = YES;
				CLANG_WARN_NON_LITERAL_NULL_CONVERSION = YES;
				CLANG_WARN_OBJC_IMPLICIT_RETAIN_SELF = YES;
				CLANG_WARN_OBJC_LITERAL_CONVERSION = YES;
				CLANG_WARN_OBJC_ROOT_CLASS = YES_ERROR;
				CLANG_WARN_QUOTED_INCLUDE_IN_FRAMEWORK_HEADER = YES;
				CLANG_WARN_RANGE_LOOP_ANALYSIS = YES;
				CLANG_WARN_STRICT_PROTOTYPES = YES;
				CLANG_WARN_SUSPICIOUS_MOVE = YES;
				CLANG_WARN_UNGUARDED_AVAILABILITY = YES_AGGRESSIVE;
				CLANG_WARN_UNREACHABLE_CODE = YES;
				CLANG_WARN__DUPLICATE_METHOD_MATCH = YES;
				COPY_PHASE_STRIP = NO;
				DEBUG_INFORMATION_FORMAT = dwarf;
				ENABLE_STRICT_OBJC_MSGSEND = YES;
				ENABLE_TESTABILITY = YES;
				GCC_C_LANGUAGE_STANDARD = gnu11;
				GCC_DYNAMIC_NO_PIC = NO;
				GCC_NO_COMMON_BLOCKS = YES;
				GCC_OPTIMIZATION_LEVEL = 0;
				GCC_PREPROCESSOR_DEFINITIONS = (
					"DEBUG=1",
					"$(inherited)",
				);
				GCC_WARN_64_TO_32_BIT_CONVERSION = YES;
				GCC_WARN_ABOUT_RETURN_TYPE = YES_ERROR;
				GCC_WARN_UNDECLARED_SELECTOR = YES;
				GCC_WARN_UNINITIALIZED_AUTOS = YES_AGGRESSIVE;
				GCC_WARN_UNUSED_FUNCTION = YES;
				GCC_WARN_UNUSED_VARIABLE = YES;
				IPHONEOS_DEPLOYMENT_TARGET = 16.0;
				MTL_ENABLE_DEBUG_INFO = INCLUDE_SOURCE;
				MTL_FAST_MATH = YES;
				ONLY_ACTIVE_ARCH = YES;
				SDKROOT = iphoneos;
				SWIFT_ACTIVE_COMPILATION_CONDITIONS = DEBUG;
				SWIFT_OPTIMIZATION_LEVEL = "-Onone";
			};
			name = Debug;
		};
		DF8BCB0B2929B2B700FF7852 /* Release */ = {
			isa = XCBuildConfiguration;
			buildSettings = {
				ALWAYS_SEARCH_USER_PATHS = NO;
				CLANG_ANALYZER_NONNULL = YES;
				CLANG_ANALYZER_NUMBER_OBJECT_CONVERSION = YES_AGGRESSIVE;
				CLANG_CXX_LANGUAGE_STANDARD = "gnu++20";
				CLANG_ENABLE_MODULES = YES;
				CLANG_ENABLE_OBJC_ARC = YES;
				CLANG_ENABLE_OBJC_WEAK = YES;
				CLANG_WARN_BLOCK_CAPTURE_AUTORELEASING = YES;
				CLANG_WARN_BOOL_CONVERSION = YES;
				CLANG_WARN_COMMA = YES;
				CLANG_WARN_CONSTANT_CONVERSION = YES;
				CLANG_WARN_DEPRECATED_OBJC_IMPLEMENTATIONS = YES;
				CLANG_WARN_DIRECT_OBJC_ISA_USAGE = YES_ERROR;
				CLANG_WARN_DOCUMENTATION_COMMENTS = YES;
				CLANG_WARN_EMPTY_BODY = YES;
				CLANG_WARN_ENUM_CONVERSION = YES;
				CLANG_WARN_INFINITE_RECURSION = YES;
				CLANG_WARN_INT_CONVERSION = YES;
				CLANG_WARN_NON_LITERAL_NULL_CONVERSION = YES;
				CLANG_WARN_OBJC_IMPLICIT_RETAIN_SELF = YES;
				CLANG_WARN_OBJC_LITERAL_CONVERSION = YES;
				CLANG_WARN_OBJC_ROOT_CLASS = YES_ERROR;
				CLANG_WARN_QUOTED_INCLUDE_IN_FRAMEWORK_HEADER = YES;
				CLANG_WARN_RANGE_LOOP_ANALYSIS = YES;
				CLANG_WARN_STRICT_PROTOTYPES = YES;
				CLANG_WARN_SUSPICIOUS_MOVE = YES;
				CLANG_WARN_UNGUARDED_AVAILABILITY = YES_AGGRESSIVE;
				CLANG_WARN_UNREACHABLE_CODE = YES;
				CLANG_WARN__DUPLICATE_METHOD_MATCH = YES;
				COPY_PHASE_STRIP = NO;
				DEBUG_INFORMATION_FORMAT = "dwarf-with-dsym";
				ENABLE_NS_ASSERTIONS = NO;
				ENABLE_STRICT_OBJC_MSGSEND = YES;
				GCC_C_LANGUAGE_STANDARD = gnu11;
				GCC_NO_COMMON_BLOCKS = YES;
				GCC_WARN_64_TO_32_BIT_CONVERSION = YES;
				GCC_WARN_ABOUT_RETURN_TYPE = YES_ERROR;
				GCC_WARN_UNDECLARED_SELECTOR = YES;
				GCC_WARN_UNINITIALIZED_AUTOS = YES_AGGRESSIVE;
				GCC_WARN_UNUSED_FUNCTION = YES;
				GCC_WARN_UNUSED_VARIABLE = YES;
				IPHONEOS_DEPLOYMENT_TARGET = 16.0;
				MTL_ENABLE_DEBUG_INFO = NO;
				MTL_FAST_MATH = YES;
				SDKROOT = iphoneos;
				SWIFT_COMPILATION_MODE = wholemodule;
				SWIFT_OPTIMIZATION_LEVEL = "-O";
				VALIDATE_PRODUCT = YES;
			};
			name = Release;
		};
		DF8BCB0D2929B2B700FF7852 /* Debug */ = {
			isa = XCBuildConfiguration;
			buildSettings = {
				ASSETCATALOG_COMPILER_APPICON_NAME = AppIcon;
				ASSETCATALOG_COMPILER_GLOBAL_ACCENT_COLOR_NAME = AccentColor;
				CODE_SIGN_STYLE = Automatic;
				CURRENT_PROJECT_VERSION = 1;
				GENERATE_INFOPLIST_FILE = YES;
				INFOPLIST_FILE = "persitence1-1/Info.plist";
				INFOPLIST_KEY_UIApplicationSupportsIndirectInputEvents = YES;
				INFOPLIST_KEY_UILaunchStoryboardName = LaunchScreen;
				INFOPLIST_KEY_UIMainStoryboardFile = Main;
				INFOPLIST_KEY_UISupportedInterfaceOrientations_iPad = "UIInterfaceOrientationPortrait UIInterfaceOrientationPortraitUpsideDown UIInterfaceOrientationLandscapeLeft UIInterfaceOrientationLandscapeRight";
				INFOPLIST_KEY_UISupportedInterfaceOrientations_iPhone = "UIInterfaceOrientationPortrait UIInterfaceOrientationLandscapeLeft UIInterfaceOrientationLandscapeRight";
				LD_RUNPATH_SEARCH_PATHS = (
					"$(inherited)",
					"@executable_path/Frameworks",
				);
				MARKETING_VERSION = 1.0;
				PRODUCT_BUNDLE_IDENTIFIER = "centennialcollege.persitence1-1";
				PRODUCT_NAME = "$(TARGET_NAME)";
				SUPPORTED_PLATFORMS = "iphoneos iphonesimulator";
				SUPPORTS_MACCATALYST = NO;
				SUPPORTS_MAC_DESIGNED_FOR_IPHONE_IPAD = NO;
				SWIFT_EMIT_LOC_STRINGS = YES;
				SWIFT_VERSION = 5.0;
				TARGETED_DEVICE_FAMILY = 1;
			};
			name = Debug;
		};
		DF8BCB0E2929B2B700FF7852 /* Release */ = {
			isa = XCBuildConfiguration;
			buildSettings = {
				ASSETCATALOG_COMPILER_APPICON_NAME = AppIcon;
				ASSETCATALOG_COMPILER_GLOBAL_ACCENT_COLOR_NAME = AccentColor;
				CODE_SIGN_STYLE = Automatic;
				CURRENT_PROJECT_VERSION = 1;
				GENERATE_INFOPLIST_FILE = YES;
				INFOPLIST_FILE = "persitence1-1/Info.plist";
				INFOPLIST_KEY_UIApplicationSupportsIndirectInputEvents = YES;
				INFOPLIST_KEY_UILaunchStoryboardName = LaunchScreen;
				INFOPLIST_KEY_UIMainStoryboardFile = Main;
				INFOPLIST_KEY_UISupportedInterfaceOrientations_iPad = "UIInterfaceOrientationPortrait UIInterfaceOrientationPortraitUpsideDown UIInterfaceOrientationLandscapeLeft UIInterfaceOrientationLandscapeRight";
				INFOPLIST_KEY_UISupportedInterfaceOrientations_iPhone = "UIInterfaceOrientationPortrait UIInterfaceOrientationLandscapeLeft UIInterfaceOrientationLandscapeRight";
				LD_RUNPATH_SEARCH_PATHS = (
					"$(inherited)",
					"@executable_path/Frameworks",
				);
				MARKETING_VERSION = 1.0;
				PRODUCT_BUNDLE_IDENTIFIER = "centennialcollege.persitence1-1";
				PRODUCT_NAME = "$(TARGET_NAME)";
				SUPPORTED_PLATFORMS = "iphoneos iphonesimulator";
				SUPPORTS_MACCATALYST = NO;
				SUPPORTS_MAC_DESIGNED_FOR_IPHONE_IPAD = NO;
				SWIFT_EMIT_LOC_STRINGS = YES;
				SWIFT_VERSION = 5.0;
				TARGETED_DEVICE_FAMILY = 1;
			};
			name = Release;
		};
		DF8BCB102929B2B700FF7852 /* Debug */ = {
			isa = XCBuildConfiguration;
			buildSettings = {
				ALWAYS_EMBED_SWIFT_STANDARD_LIBRARIES = YES;
				BUNDLE_LOADER = "$(TEST_HOST)";
				CODE_SIGN_STYLE = Automatic;
				CURRENT_PROJECT_VERSION = 1;
				GENERATE_INFOPLIST_FILE = YES;
				IPHONEOS_DEPLOYMENT_TARGET = 16.0;
				MARKETING_VERSION = 1.0;
				PRODUCT_BUNDLE_IDENTIFIER = "centennialcollege.persitence1-1Tests";
				PRODUCT_NAME = "$(TARGET_NAME)";
				SWIFT_EMIT_LOC_STRINGS = NO;
				SWIFT_VERSION = 5.0;
				TARGETED_DEVICE_FAMILY = "1,2";
				TEST_HOST = "$(BUILT_PRODUCTS_DIR)/persitence1-1.app/$(BUNDLE_EXECUTABLE_FOLDER_PATH)/persitence1-1";
			};
			name = Debug;
		};
		DF8BCB112929B2B700FF7852 /* Release */ = {
			isa = XCBuildConfiguration;
			buildSettings = {
				ALWAYS_EMBED_SWIFT_STANDARD_LIBRARIES = YES;
				BUNDLE_LOADER = "$(TEST_HOST)";
				CODE_SIGN_STYLE = Automatic;
				CURRENT_PROJECT_VERSION = 1;
				GENERATE_INFOPLIST_FILE = YES;
				IPHONEOS_DEPLOYMENT_TARGET = 16.0;
				MARKETING_VERSION = 1.0;
				PRODUCT_BUNDLE_IDENTIFIER = "centennialcollege.persitence1-1Tests";
				PRODUCT_NAME = "$(TARGET_NAME)";
				SWIFT_EMIT_LOC_STRINGS = NO;
				SWIFT_VERSION = 5.0;
				TARGETED_DEVICE_FAMILY = "1,2";
				TEST_HOST = "$(BUILT_PRODUCTS_DIR)/persitence1-1.app/$(BUNDLE_EXECUTABLE_FOLDER_PATH)/persitence1-1";
			};
			name = Release;
		};
		DF8BCB132929B2B700FF7852 /* Debug */ = {
			isa = XCBuildConfiguration;
			buildSettings = {
				ALWAYS_EMBED_SWIFT_STANDARD_LIBRARIES = YES;
				CODE_SIGN_STYLE = Automatic;
				CURRENT_PROJECT_VERSION = 1;
				GENERATE_INFOPLIST_FILE = YES;
				MARKETING_VERSION = 1.0;
				PRODUCT_BUNDLE_IDENTIFIER = "centennialcollege.persitence1-1UITests";
				PRODUCT_NAME = "$(TARGET_NAME)";
				SWIFT_EMIT_LOC_STRINGS = NO;
				SWIFT_VERSION = 5.0;
				TARGETED_DEVICE_FAMILY = "1,2";
				TEST_TARGET_NAME = "persitence1-1";
			};
			name = Debug;
		};
		DF8BCB142929B2B700FF7852 /* Release */ = {
			isa = XCBuildConfiguration;
			buildSettings = {
				ALWAYS_EMBED_SWIFT_STANDARD_LIBRARIES = YES;
				CODE_SIGN_STYLE = Automatic;
				CURRENT_PROJECT_VERSION = 1;
				GENERATE_INFOPLIST_FILE = YES;
				MARKETING_VERSION = 1.0;
				PRODUCT_BUNDLE_IDENTIFIER = "centennialcollege.persitence1-1UITests";
				PRODUCT_NAME = "$(TARGET_NAME)";
				SWIFT_EMIT_LOC_STRINGS = NO;
				SWIFT_VERSION = 5.0;
				TARGETED_DEVICE_FAMILY = "1,2";
				TEST_TARGET_NAME = "persitence1-1";
			};
			name = Release;
		};
/* End XCBuildConfiguration section */

/* Begin XCConfigurationList section */
		DF8BCADD2929B2B600FF7852 /* Build configuration list for PBXProject "persitence1-1" */ = {
			isa = XCConfigurationList;
			buildConfigurations = (
				DF8BCB0A2929B2B700FF7852 /* Debug */,
				DF8BCB0B2929B2B700FF7852 /* Release */,
			);
			defaultConfigurationIsVisible = 0;
			defaultConfigurationName = Release;
		};
		DF8BCB0C2929B2B700FF7852 /* Build configuration list for PBXNativeTarget "persitence1-1" */ = {
			isa = XCConfigurationList;
			buildConfigurations = (
				DF8BCB0D2929B2B700FF7852 /* Debug */,
				DF8BCB0E2929B2B700FF7852 /* Release */,
			);
			defaultConfigurationIsVisible = 0;
			defaultConfigurationName = Release;
		};
		DF8BCB0F2929B2B700FF7852 /* Build configuration list for PBXNativeTarget "persitence1-1Tests" */ = {
			isa = XCConfigurationList;
			buildConfigurations = (
				DF8BCB102929B2B700FF7852 /* Debug */,
				DF8BCB112929B2B700FF7852 /* Release */,
			);
			defaultConfigurationIsVisible = 0;
			defaultConfigurationName = Release;
		};
		DF8BCB122929B2B700FF7852 /* Build configuration list for PBXNativeTarget "persitence1-1UITests" */ = {
			isa = XCConfigurationList;
			buildConfigurations = (
				DF8BCB132929B2B700FF7852 /* Debug */,
				DF8BCB142929B2B700FF7852 /* Release */,
			);
			defaultConfigurationIsVisible = 0;
			defaultConfigurationName = Release;
		};
/* End XCConfigurationList section */
	};
	rootObject = DF8BCADA2929B2B600FF7852 /* Project object */;
}
